{
  "name": "people-for-cities",
  "version": "1.0.0",
  "lockfileVersion": 1,
  "dependencies": {
    "@types/googlemaps": {
      "version": "3.26.13",
      "resolved": "https://registry.npmjs.org/@types/googlemaps/-/googlemaps-3.26.13.tgz",
      "integrity": "sha512-k9XyYNypB/tTISNQfvB4auX8dkJ10s9vtYLpvprXQaKkb/Js/FMCQxdIl7RVpyThGOItD0ZRnYkkzJX6GR/wHQ=="
    }
  }
}
